version: 4
environments:
  default:
    channels:
    - url: https://conda.anaconda.org/conda-forge/
    packages:
      linux-64:
      - conda: https://conda.anaconda.org/conda-forge/linux-64/_libgcc_mutex-0.1-conda_forge.tar.bz2
      - conda: https://conda.anaconda.org/conda-forge/linux-64/_openmp_mutex-4.5-2_gnu.tar.bz2
      - conda: https://conda.anaconda.org/conda-forge/linux-64/ca-certificates-2024.2.2-hbcca054_0.conda
      - conda: https://conda.anaconda.org/conda-forge/linux-64/ld_impl_linux-64-2.40-hf3520f5_1.conda
      - conda: https://conda.anaconda.org/conda-forge/linux-64/libffi-3.3-h58526e2_2.tar.bz2
      - conda: https://conda.anaconda.org/conda-forge/linux-64/libgcc-ng-13.2.0-h77fa898_7.conda
      - conda: https://conda.anaconda.org/conda-forge/linux-64/libgomp-13.2.0-h77fa898_7.conda
      - conda: https://conda.anaconda.org/conda-forge/linux-64/libsqlite-3.45.3-h2797004_0.conda
      - conda: https://conda.anaconda.org/conda-forge/linux-64/libstdcxx-ng-13.2.0-hc0a3c3a_7.conda
      - conda: https://conda.anaconda.org/conda-forge/linux-64/libzlib-1.2.13-h4ab18f5_6.conda
      - conda: https://conda.anaconda.org/conda-forge/linux-64/ncurses-6.5-h59595ed_0.conda
      - conda: https://conda.anaconda.org/conda-forge/linux-64/openssl-1.1.1w-hd590300_0.conda
      - conda: https://conda.anaconda.org/conda-forge/noarch/pip-24.0-pyhd8ed1ab_0.conda
      - conda: https://conda.anaconda.org/conda-forge/linux-64/python-3.9.1-hffdb5ce_5_cpython.tar.bz2
      - conda: https://conda.anaconda.org/conda-forge/linux-64/readline-8.2-h8228510_1.conda
      - conda: https://conda.anaconda.org/conda-forge/noarch/setuptools-70.0.0-pyhd8ed1ab_0.conda
      - conda: https://conda.anaconda.org/conda-forge/linux-64/sqlite-3.45.3-h2c6b66d_0.conda
      - conda: https://conda.anaconda.org/conda-forge/linux-64/tk-8.6.13-noxft_h4845f30_101.conda
      - conda: https://conda.anaconda.org/conda-forge/noarch/tzdata-2024a-h0c530f3_0.conda
      - conda: https://conda.anaconda.org/conda-forge/noarch/wheel-0.43.0-pyhd8ed1ab_1.conda
      - conda: https://conda.anaconda.org/conda-forge/linux-64/xz-5.2.6-h166bdaf_0.tar.bz2
      - conda: https://conda.anaconda.org/conda-forge/linux-64/zlib-1.2.13-h4ab18f5_6.conda
packages:
- kind: conda
  name: _libgcc_mutex
  version: '0.1'
  build: conda_forge
  subdir: linux-64
  url: https://conda.anaconda.org/conda-forge/linux-64/_libgcc_mutex-0.1-conda_forge.tar.bz2
  sha256: fe51de6107f9edc7aa4f786a70f4a883943bc9d39b3bb7307c04c41410990726
  md5: d7c89558ba9fa0495403155b64376d81
  license: None
  size: 2562
  timestamp: 1578324546067
- kind: conda
  name: _openmp_mutex
  version: '4.5'
  build: 2_gnu
  build_number: 16
  subdir: linux-64
  url: https://conda.anaconda.org/conda-forge/linux-64/_openmp_mutex-4.5-2_gnu.tar.bz2
  sha256: fbe2c5e56a653bebb982eda4876a9178aedfc2b545f25d0ce9c4c0b508253d22
  md5: 73aaf86a425cc6e73fcf236a5a46396d
  depends:
  - _libgcc_mutex 0.1 conda_forge
  - libgomp >=7.5.0
  constrains:
  - openmp_impl 9999
  license: BSD-3-Clause
  license_family: BSD
  size: 23621
  timestamp: 1650670423406
- kind: conda
  name: ca-certificates
  version: 2024.2.2
  build: hbcca054_0
  subdir: linux-64
  url: https://conda.anaconda.org/conda-forge/linux-64/ca-certificates-2024.2.2-hbcca054_0.conda
  sha256: 91d81bfecdbb142c15066df70cc952590ae8991670198f92c66b62019b251aeb
  md5: 2f4327a1cbe7f022401b236e915a5fef
  license: ISC
  size: 155432
  timestamp: 1706843687645
- kind: conda
  name: ld_impl_linux-64
  version: '2.40'
  build: hf3520f5_1
  build_number: 1
  subdir: linux-64
  url: https://conda.anaconda.org/conda-forge/linux-64/ld_impl_linux-64-2.40-hf3520f5_1.conda
  sha256: cb54a873c1c84c47f7174093889686b626946b8143905ec0f76a56785b26a304
  md5: 33b7851c39c25da14f6a233a8ccbeeca
  constrains:
  - binutils_impl_linux-64 2.40
  license: GPL-3.0-only
  license_family: GPL
  size: 707934
  timestamp: 1716583433869
- kind: conda
  name: libffi
  version: '3.3'
  build: h58526e2_2
  build_number: 2
  subdir: linux-64
  url: https://conda.anaconda.org/conda-forge/linux-64/libffi-3.3-h58526e2_2.tar.bz2
  sha256: bfa80758d38a4f50089c38340b4577d476daaf10967ab2dfc2de9650854705f0
  md5: 665369991d8dd290ac5ee92fce3e6bf5
  depends:
  - libgcc-ng >=7.5.0
  - libstdcxx-ng >=7.5.0
  license: MIT
  license_family: MIT
  size: 52624
  timestamp: 1607352031860
- kind: conda
  name: libgcc-ng
  version: 13.2.0
  build: h77fa898_7
  build_number: 7
  subdir: linux-64
  url: https://conda.anaconda.org/conda-forge/linux-64/libgcc-ng-13.2.0-h77fa898_7.conda
  sha256: 62af2b89acbe74a21606c8410c276e57309c0a2ab8a9e8639e3c8131c0b60c92
  md5: 72ec1b1b04c4d15d4204ece1ecea5978
  depends:
  - _libgcc_mutex 0.1 conda_forge
  - _openmp_mutex >=4.5
  constrains:
  - libgomp 13.2.0 h77fa898_7
  license: GPL-3.0-only WITH GCC-exception-3.1
  license_family: GPL
  size: 775806
  timestamp: 1715016057793
- kind: conda
  name: libgomp
  version: 13.2.0
  build: h77fa898_7
  build_number: 7
  subdir: linux-64
  url: https://conda.anaconda.org/conda-forge/linux-64/libgomp-13.2.0-h77fa898_7.conda
  sha256: 781444fa069d3b50e8ed667b750571cacda785761c7fc2a89ece1ac49693d4ad
  md5: abf3fec87c2563697defa759dec3d639
  depends:
  - _libgcc_mutex 0.1 conda_forge
  license: GPL-3.0-only WITH GCC-exception-3.1
  license_family: GPL
  size: 422336
  timestamp: 1715015995979
- kind: conda
  name: libsqlite
  version: 3.45.3
  build: h2797004_0
  subdir: linux-64
  url: https://conda.anaconda.org/conda-forge/linux-64/libsqlite-3.45.3-h2797004_0.conda
  sha256: e2273d6860eadcf714a759ffb6dc24a69cfd01f2a0ea9d6c20f86049b9334e0c
  md5: b3316cbe90249da4f8e84cd66e1cc55b
  depends:
  - libgcc-ng >=12
  - libzlib >=1.2.13,<2.0.0a0
  license: Unlicense
  size: 859858
  timestamp: 1713367435849
- kind: conda
  name: libstdcxx-ng
  version: 13.2.0
  build: hc0a3c3a_7
  build_number: 7
  subdir: linux-64
  url: https://conda.anaconda.org/conda-forge/linux-64/libstdcxx-ng-13.2.0-hc0a3c3a_7.conda
  sha256: 35f1e08be0a84810c9075f5bd008495ac94e6c5fe306dfe4b34546f11fed850f
  md5: 53ebd4c833fa01cb2c6353e99f905406
  license: GPL-3.0-only WITH GCC-exception-3.1
  license_family: GPL
  size: 3837704
  timestamp: 1715016117360
- kind: conda
  name: libzlib
  version: 1.2.13
  build: h4ab18f5_6
  build_number: 6
  subdir: linux-64
  url: https://conda.anaconda.org/conda-forge/linux-64/libzlib-1.2.13-h4ab18f5_6.conda
  sha256: 8ced4afed6322172182af503f21725d072a589a6eb918f8a58135c1e00d35980
  md5: 27329162c0dc732bcf67a4e0cd488125
  depends:
  - libgcc-ng >=12
  constrains:
  - zlib 1.2.13 *_6
  license: Zlib
  license_family: Other
  size: 61571
  timestamp: 1716874066944
- kind: conda
  name: ncurses
  version: '6.5'
  build: h59595ed_0
  subdir: linux-64
  url: https://conda.anaconda.org/conda-forge/linux-64/ncurses-6.5-h59595ed_0.conda
  sha256: 4fc3b384f4072b68853a0013ea83bdfd3d66b0126e2238e1d6e1560747aa7586
  md5: fcea371545eda051b6deafb24889fc69
  depends:
  - libgcc-ng >=12
  license: X11 AND BSD-3-Clause
  size: 887465
  timestamp: 1715194722503
- kind: conda
  name: openssl
  version: 1.1.1w
  build: hd590300_0
  subdir: linux-64
  url: https://conda.anaconda.org/conda-forge/linux-64/openssl-1.1.1w-hd590300_0.conda
  sha256: 4fe19885c77f0758084feb54954bd1977dfeeab7134fba0a1d9c0cfff821d6bd
  md5: 301e70057a3bd399640bb16bbdf87995
  depends:
  - ca-certificates
  - libgcc-ng >=12
  license: OpenSSL
  license_family: Apache
  size: 1956010
  timestamp: 1694461292959
- kind: conda
  name: pip
  version: '24.0'
  build: pyhd8ed1ab_0
  subdir: noarch
  noarch: python
  url: https://conda.anaconda.org/conda-forge/noarch/pip-24.0-pyhd8ed1ab_0.conda
  sha256: b7c1c5d8f13e8cb491c4bd1d0d1896a4cf80fc47de01059ad77509112b664a4a
  md5: f586ac1e56c8638b64f9c8122a7b8a67
  depends:
  - python >=3.7
  - setuptools
  - wheel
  license: MIT
  license_family: MIT
  size: 1398245
  timestamp: 1706960660581
- kind: conda
  name: python
  version: 3.9.1
  build: hffdb5ce_5_cpython
  build_number: 5
  subdir: linux-64
  url: https://conda.anaconda.org/conda-forge/linux-64/python-3.9.1-hffdb5ce_5_cpython.tar.bz2
  sha256: c0aa40ea30f187c86d822d71f5741990c14cdf49f452e676b3a243b006ec8673
  md5: 64e24b62b6188b5c1add2c7871ac3ca8
  depends:
  - ld_impl_linux-64
  - libffi >=3.3,<3.4.0a0
  - libgcc-ng >=9.3.0
  - libstdcxx-ng >=9.3.0
  - ncurses >=6.2,<7.0.0a0
  - openssl >=1.1.1i,<1.1.2a
  - readline >=8.0,<9.0a0
  - sqlite >=3.34.0,<4.0a0
  - tk >=8.6.10,<8.7.0a0
  - tzdata
  - xz >=5.2.5,<6.0.0a0
  - zlib >=1.2.11,<1.3.0a0
  constrains:
  - python_abi 3.9.* *_cp39
  license: Python-2.0
  size: 28649077
  timestamp: 1611625706338
- kind: conda
  name: readline
  version: '8.2'
  build: h8228510_1
  build_number: 1
  subdir: linux-64
  url: https://conda.anaconda.org/conda-forge/linux-64/readline-8.2-h8228510_1.conda
  sha256: 5435cf39d039387fbdc977b0a762357ea909a7694d9528ab40f005e9208744d7
  md5: 47d31b792659ce70f470b5c82fdfb7a4
  depends:
  - libgcc-ng >=12
  - ncurses >=6.3,<7.0a0
  license: GPL-3.0-only
  license_family: GPL
  size: 281456
  timestamp: 1679532220005
- kind: conda
  name: setuptools
  version: 70.0.0
  build: pyhd8ed1ab_0
  subdir: noarch
  noarch: python
  url: https://conda.anaconda.org/conda-forge/noarch/setuptools-70.0.0-pyhd8ed1ab_0.conda
  sha256: daa4638d288cfdf3b0ecea395d8efa25cafc4ebf4026464a36c797c84541d2be
  md5: c8ddb4f34a208df4dd42509a0f6a1c89
  depends:
  - python >=3.8
  license: MIT
  license_family: MIT
  size: 483015
  timestamp: 1716368141661
- kind: conda
  name: sqlite
  version: 3.45.3
  build: h2c6b66d_0
  subdir: linux-64
  url: https://conda.anaconda.org/conda-forge/linux-64/sqlite-3.45.3-h2c6b66d_0.conda
  sha256: 945ac702e2bd8cc59cc780dfc37c18255d5e538c8433dc290c0edbad2bcbaeb4
  md5: be7d70f2db41b674733667bdd69bd000
  depends:
  - libgcc-ng >=12
  - libsqlite 3.45.3 h2797004_0
  - libzlib >=1.2.13,<2.0.0a0
  - ncurses >=6.4.20240210,<7.0a0
  - readline >=8.2,<9.0a0
  license: Unlicense
  size: 848611
  timestamp: 1713367461306
- kind: conda
  name: tk
  version: 8.6.13
  build: noxft_h4845f30_101
  build_number: 101
  subdir: linux-64
  url: https://conda.anaconda.org/conda-forge/linux-64/tk-8.6.13-noxft_h4845f30_101.conda
  sha256: e0569c9caa68bf476bead1bed3d79650bb080b532c64a4af7d8ca286c08dea4e
  md5: d453b98d9c83e71da0741bb0ff4d76bc
  depends:
  - libgcc-ng >=12
  - libzlib >=1.2.13,<2.0.0a0
  license: TCL
  license_family: BSD
  size: 3318875
  timestamp: 1699202167581
- kind: conda
  name: tzdata
  version: 2024a
  build: h0c530f3_0
  subdir: noarch
  noarch: generic
  url: https://conda.anaconda.org/conda-forge/noarch/tzdata-2024a-h0c530f3_0.conda
  sha256: 7b2b69c54ec62a243eb6fba2391b5e443421608c3ae5dbff938ad33ca8db5122
  md5: 161081fc7cec0bfda0d86d7cb595f8d8
  license: LicenseRef-Public-Domain
  size: 119815
  timestamp: 1706886945727
- kind: conda
  name: wheel
  version: 0.43.0
  build: pyhd8ed1ab_1
  build_number: 1
  subdir: noarch
  noarch: python
  url: https://conda.anaconda.org/conda-forge/noarch/wheel-0.43.0-pyhd8ed1ab_1.conda
  sha256: cb318f066afd6fd64619f14c030569faf3f53e6f50abf743b4c865e7d95b96bc
  md5: 0b5293a157c2b5cd513dd1b03d8d3aae
  depends:
  - python >=3.8
  license: MIT
  license_family: MIT
  size: 57963
  timestamp: 1711546009410
- kind: conda
  name: xz
  version: 5.2.6
  build: h166bdaf_0
  subdir: linux-64
  url: https://conda.anaconda.org/conda-forge/linux-64/xz-5.2.6-h166bdaf_0.tar.bz2
  sha256: 03a6d28ded42af8a347345f82f3eebdd6807a08526d47899a42d62d319609162
  md5: 2161070d867d1b1204ea749c8eec4ef0
  depends:
  - libgcc-ng >=12
  license: LGPL-2.1 and GPL-2.0
  size: 418368
  timestamp: 1660346797927
- kind: conda
  name: zlib
  version: 1.2.13
  build: h4ab18f5_6
  build_number: 6
  subdir: linux-64
  url: https://conda.anaconda.org/conda-forge/linux-64/zlib-1.2.13-h4ab18f5_6.conda
  sha256: 534824ea44939f3e59ca8ebb95e3ece6f50f9d2a0e69999fbc692311252ed6ac
  md5: 559d338a4234c2ad6e676f460a093e67
  depends:
  - libgcc-ng >=12
  - libzlib 1.2.13 h4ab18f5_6
  license: Zlib
  license_family: Other
  size: 92883
  timestamp: 1716874088980
